lockfileVersion: '9.0'

settings:
  autoInstallPeers: true
  excludeLinksFromLockfile: false

importers:

  .:
    dependencies:
      react:
        specifier: ^18.2.0
        version: 18.2.0(react@18.2.0)
      react-dom:
        specifier: ^18.2.0
        version: 18.2.0(react@18.2.0)
      react-scripts:
        specifier: 5.0.1
        version: 5.0.1(@babel/plugin-syntax-flow@7.24.7)(@babel/plugin-transform-react-jsx@7.25.9)(@types/babel__core@7.20.5)(eslint@8.57.1)(react@18.2.0)(typescript@4.9.5)

packages:

  '@babel/core@7.26.0':
    resolution: {integrity: sha512-i1SLeK+DzNnQ3LL/CswPCa/E5u4lh1k6IAEphON8F+cXt0t9euTshDru0q7/IqMa1PMPz5RnHuHscF8/ZJsStg==}
    engines: {node: '>=6.9.0'}

  '@babel/plugin-syntax-flow@7.24.7':
    resolution: {integrity: sha512-9G8GYT/dxn/D1IIKOUBmGX0VrWn8Tu7ZzYVOY4ZmD0UnXcbEaTvmM4UVjnWQZDnGUz4MKXf/+M5xeH4C5Qvvg==}
    engines: {node: '>=6.9.0'}
    peerDependencies:
      '@babel/core': ^7.0.0-0

  '@babel/plugin-transform-react-jsx@7.25.9':
    resolution: {integrity: sha512-s5XwpQYCqGerXl+Pu6VDL3x0j2d82eiV77UJ8a2mDHAW7j9SWRqQ2y1fNo1Z74CdcYipl5Z41zvjj4Nfzq36rw==}
    engines: {node: '>=6.9.0'}
    peerDependencies:
      '@babel/core': ^7.0.0-0

  '@types/babel__core@7.20.5':
    resolution: {integrity: sha512-qoQprZvz5wQFJwMDqeseRXWv3rqMvhgpbXFfVyWhbx9X47POIA6i/+dXefEmZKoAgOaTdaIgNSMqMIU61yRyzA==}

  'eslint@8.57.1':
    resolution: {integrity: sha512-ypowyDxpVSYpkXr9WPv2PAZCtNip1Mv5KTW0SCurXv/9iOpcrH9PaqUElksqEB6pChqHGDRCFTyrZlGhnLNGiA==}
    engines: {node: ^12.22.0 || ^14.17.0 || >=16.0.0}
    hasBin: true

  'react@18.2.0':
    resolution: {integrity: sha512-/3IjMdb2L9QbBdWiW5e3P2/npwMBaU9mHCSCUzNln0ZCYbcfTsGbTJrU/kGemdH2IWmB2ioZ+zkxtmq6g09fGQ==}
    engines: {node: '>=0.10.0'}

  'react-dom@18.2.0':
    resolution: {integrity: sha512-6IMTriUmvsjHUjNtEDudZfuDQUoWXVxKHhlEGSk81n4YFS+r/Kl99wXiwlVXtPBtJenozv2P+hxDsw9eA7Xo6g==}
    peerDependencies:
      react: ^18.2.0

  'react-scripts@5.0.1':
    resolution: {integrity: sha512-8VAmEm/ZAwQzJ+GOMLbBsTdDKOpuZh7RPs0UymvBR2vRk4iZWCskjbFnxqjrzoIvlNNRZ3QJFx6/qDSi6zSnaQ==}
    engines: {node: '>=14.0.0'}
    hasBin: true
    peerDependencies:
      react: '>= 16'
      typescript: ^3.2.1 || ^4

  'typescript@4.9.5':
    resolution: {integrity: sha512-1FXk9E2Hm+QzZQ7z+McJiHL4NW1F2EzMu9Nq9i3zAaGqibafqYwCVU6WyWAuyQRRzOlxou8xZSyXLEN8oKj24g==}
    engines: {node: '>=4.2.0'}
    hasBin: true

snapshots:

  '@babel/core@7.26.0': {}

  '@babel/plugin-syntax-flow@7.24.7(@babel/core@7.26.0)':
    dependencies:
      '@babel/core': 7.26.0
      '@babel/helper-plugin-utils': 7.25.9

  '@babel/plugin-transform-react-jsx@7.25.9(@babel/core@7.26.0)':
    dependencies:
      '@babel/core': 7.26.0
      '@babel/helper-annotate-as-pure': 7.25.9
      '@babel/helper-module-imports': 7.25.9
      '@babel/helper-plugin-utils': 7.25.9
      '@babel/plugin-syntax-jsx': 7.25.9(@babel/core@7.26.0)
      '@babel/types': 7.26.0

  '@types/babel__core@7.20.5': {}

  'eslint@8.57.1': {}

  'react@18.2.0':
    dependencies:
      loose-envify: 1.4.0

  'react-dom@18.2.0(react@18.2.0)':
    dependencies:
      loose-envify: 1.4.0
      react: 18.2.0
      scheduler: 0.23.2

  'react-scripts@5.0.1(@babel/plugin-syntax-flow@7.24.7)(@babel/plugin-transform-react-jsx@7.25.9)(@types/babel__core@7.20.5)(eslint@8.57.1)(react@18.2.0)(typescript@4.9.5)':
    dependencies:
      '@babel/core': 7.26.0
      '@pmmmwh/react-refresh-webpack-plugin': 0.5.15(react-refresh@0.11.0)(webpack@5.95.0)
      '@svgr/webpack': 5.5.0
      babel-jest: 27.5.1(@babel/core@7.26.0)
      babel-loader: 8.3.0(@babel/core@7.26.0)(webpack@5.95.0)
      babel-plugin-named-asset-import: 0.3.8(@babel/core@7.26.0)
      babel-preset-react-app: 10.0.1
      bfj: 7.1.0
      browserslist: 4.24.2
      camelcase: 6.3.0
      case-sensitive-paths-webpack-plugin: 2.4.0
      css-loader: 6.11.0(webpack@5.95.0)
      css-minimizer-webpack-plugin: 3.4.1(webpack@5.95.0)
      dotenv: 10.0.0
      dotenv-expand: 5.1.0
      eslint: 8.57.1
      eslint-config-react-app: 7.0.1(@babel/plugin-syntax-flow@7.24.7)(@babel/plugin-transform-react-jsx@7.25.9)(eslint@8.57.1)(jest@27.5.1)(typescript@4.9.5)
      eslint-webpack-plugin: 3.2.0(eslint@8.57.1)(webpack@5.95.0)
      file-loader: 6.2.0(webpack@5.95.0)
      fs-extra: 10.1.0
      html-webpack-plugin: 5.6.3(webpack@5.95.0)
      identity-obj-proxy: 3.0.0
      jest: 27.5.1(ts-node@10.9.2)
      jest-resolve: 27.5.1
      jest-watch-typeahead: 1.1.0(jest@27.5.1)
      mini-css-extract-plugin: 2.9.2(webpack@5.95.0)
      postcss: 8.4.49
      postcss-flexbugs-fixes: 5.0.2(postcss@8.4.49)
      postcss-loader: 6.2.1(postcss@8.4.49)(webpack@5.95.0)
      postcss-normalize: 10.0.1(postcss@8.4.49)
      postcss-preset-env: 7.8.3(postcss@8.4.49)
      prompts: 2.4.2
      react: 18.2.0
      react-app-polyfill: 3.0.0
      react-dev-utils: 12.0.1(eslint@8.57.1)(typescript@4.9.5)(webpack@5.95.0)
      react-refresh: 0.11.0
      resolve: 1.22.8
      resolve-url-loader: 4.0.0
      sass-loader: 12.6.0(webpack@5.95.0)
      semver: 7.6.3
      source-map-loader: 3.0.2(webpack@5.95.0)
      style-loader: 3.3.4(webpack@5.95.0)
      tailwindcss: 3.4.15
      terser-webpack-plugin: 5.3.10(webpack@5.95.0)
      webpack: 5.95.0
      webpack-dev-server: 4.15.2(webpack@5.95.0)
      webpack-manifest-plugin: 4.1.1(webpack@5.95.0)
      workbox-webpack-plugin: 6.6.1(webpack@5.95.0)

  'typescript@4.9.5': {}

